
Microsoft Visual Studio Solution File, Format Version 12.00
# Visual Studio Version 17
VisualStudioVersion = 17.11.35303.130
MinimumVisualStudioVersion = 10.0.40219.1
Project("{FAE04EC0-301F-11D3-BF4B-00C04F79EFBC}") = "Max_Cantrell_CPT_185_Final_Project", "Max_Cantrell_CPT_185_Final_Project.csproj", "{41E1FB74-CD87-4AC8-92FF-059134399F7C}"
EndProject
Global
	GlobalSection(SolutionConfigurationPlatforms) = preSolution
		Debug|Any CPU = Debug|Any CPU
		Release|Any CPU = Release|Any CPU
	EndGlobalSection
	GlobalSection(ProjectConfigurationPlatforms) = postSolution
		{41E1FB74-CD87-4AC8-92FF-059134399F7C}.Debug|Any CPU.ActiveCfg = Debug|Any CPU
		{41E1FB74-CD87-4AC8-92FF-059134399F7C}.Debug|Any CPU.Build.0 = Debug|Any CPU
		{41E1FB74-CD87-4AC8-92FF-059134399F7C}.Release|Any CPU.ActiveCfg = Release|Any CPU
		{41E1FB74-CD87-4AC8-92FF-059134399F7C}.Release|Any CPU.Build.0 = Release|Any CPU
	EndGlobalSection
	GlobalSection(SolutionProperties) = preSolution
		HideSolutionNode = FALSE
	EndGlobalSection
	GlobalSection(ExtensibilityGlobals) = postSolution
		SolutionGuid = {27B67E14-55E2-4E90-B709-373A5C4A8A9A}
	EndGlobalSection
EndGlobal
